{
    "version": 3,
    "terraform_version": "0.11.7",
    "serial": 3,
    "lineage": "f3d4abc1-7661-4dce-37d6-8c8a4e976b5f",
    "modules": [
        {
            "path": [
                "root"
            ],
            "outputs": {},
            "resources": {
                "aws_instance.web-server": {
                    "type": "aws_instance",
                    "depends_on": [],
                    "primary": {
                        "id": "i-0855e7dbc2635455f",
                        "attributes": {
                            "ami": "ami-43a15f3e",
                            "associate_public_ip_address": "true",
                            "availability_zone": "us-east-1a",
                            "credit_specification.#": "1",
                            "credit_specification.0.cpu_credits": "standard",
                            "disable_api_termination": "false",
                            "ebs_block_device.#": "0",
                            "ebs_optimized": "false",
                            "ephemeral_block_device.#": "0",
                            "get_password_data": "false",
                            "iam_instance_profile": "",
                            "id": "i-0855e7dbc2635455f",
                            "instance_state": "running",
                            "instance_type": "t2.micro",
                            "ipv6_addresses.#": "0",
                            "key_name": "crack",
                            "monitoring": "false",
                            "network_interface.#": "0",
                            "network_interface_id": "eni-434855d7",
                            "password_data": "",
                            "placement_group": "",
                            "primary_network_interface_id": "eni-434855d7",
                            "private_dns": "ip-172-31-91-30.ec2.internal",
                            "private_ip": "172.31.91.30",
                            "public_dns": "ec2-34-203-246-137.compute-1.amazonaws.com",
                            "public_ip": "34.203.246.137",
                            "root_block_device.#": "1",
                            "root_block_device.0.delete_on_termination": "true",
                            "root_block_device.0.iops": "100",
                            "root_block_device.0.volume_id": "vol-0aac42b9940325f04",
                            "root_block_device.0.volume_size": "8",
                            "root_block_device.0.volume_type": "gp2",
                            "security_groups.#": "1",
                            "security_groups.3814588639": "default",
                            "source_dest_check": "true",
                            "subnet_id": "subnet-7d314452",
                            "tags.%": "0",
                            "tenancy": "default",
                            "volume_tags.%": "0",
                            "vpc_security_group_ids.#": "1",
                            "vpc_security_group_ids.815403836": "sg-9ca95deb"
                        },
                        "meta": {
                            "e2bfb730-ecaa-11e6-8f88-34363bc7c4c0": {
                                "create": 600000000000,
                                "delete": 1200000000000,
                                "update": 600000000000
                            },
                            "schema_version": "1"
                        },
                        "tainted": false
                    },
                    "deposed": [],
                    "provider": "provider.aws"
                }
            },
            "depends_on": []
        }
    ]
}
